
Microsoft Visual Studio Solution File, Format Version 12.00
# Visual Studio 15
VisualStudioVersion = 15.0.28010.2016
MinimumVisualStudioVersion = 10.0.40219.1
Project("{FAE04EC0-301F-11D3-BF4B-00C04F79EFBC}") = "FogGerenciadorDeVendas", "FogGerenciadorDeVendas\FogGerenciadorDeVendas.csproj", "{B2CFA5C1-6DC4-41E1-A0FB-5642C2F922BB}"
EndProject
Project("{2150E333-8FDC-42A3-9474-1A3956D46DE8}") = "1 - Cliente", "1 - Cliente", "{0D75C564-99A4-44C1-AF73-B6D66872663F}"
EndProject
Project("{2150E333-8FDC-42A3-9474-1A3956D46DE8}") = "2 - Dominio", "2 - Dominio", "{E7918B9B-4888-407D-9E60-43241348C357}"
EndProject
Project("{2150E333-8FDC-42A3-9474-1A3956D46DE8}") = "3 - Infraestrutura", "3 - Infraestrutura", "{5E33C3C6-AF14-49DD-ABEE-D3F0002C3982}"
EndProject
Project("{FAE04EC0-301F-11D3-BF4B-00C04F79EFBC}") = "FogGerenciadorDeVendas.Dominio", "FogGerenciadorDeVendas.Dominio\FogGerenciadorDeVendas.Dominio.csproj", "{ED5A3CF0-B389-4D47-A58D-E08544B0ED7C}"
EndProject
Project("{FAE04EC0-301F-11D3-BF4B-00C04F79EFBC}") = "FogGerenciadorDeVendas.Dados", "FogGerenciadorDeVendas.Dados\FogGerenciadorDeVendas.Dados.csproj", "{D23F119B-3882-4625-A305-C398B53FC355}"
EndProject
Project("{FAE04EC0-301F-11D3-BF4B-00C04F79EFBC}") = "FogGerenciadorDeVendas.CrossCutting", "FogGerenciadorDeVendas.CrossCutting\FogGerenciadorDeVendas.CrossCutting.csproj", "{694E7238-5080-440B-BCEF-12C9872C5C6F}"
EndProject
Global
	GlobalSection(SolutionConfigurationPlatforms) = preSolution
		Debug|Any CPU = Debug|Any CPU
		Release|Any CPU = Release|Any CPU
	EndGlobalSection
	GlobalSection(ProjectConfigurationPlatforms) = postSolution
		{B2CFA5C1-6DC4-41E1-A0FB-5642C2F922BB}.Debug|Any CPU.ActiveCfg = Debug|Any CPU
		{B2CFA5C1-6DC4-41E1-A0FB-5642C2F922BB}.Debug|Any CPU.Build.0 = Debug|Any CPU
		{B2CFA5C1-6DC4-41E1-A0FB-5642C2F922BB}.Release|Any CPU.ActiveCfg = Release|Any CPU
		{B2CFA5C1-6DC4-41E1-A0FB-5642C2F922BB}.Release|Any CPU.Build.0 = Release|Any CPU
		{ED5A3CF0-B389-4D47-A58D-E08544B0ED7C}.Debug|Any CPU.ActiveCfg = Debug|Any CPU
		{ED5A3CF0-B389-4D47-A58D-E08544B0ED7C}.Debug|Any CPU.Build.0 = Debug|Any CPU
		{ED5A3CF0-B389-4D47-A58D-E08544B0ED7C}.Release|Any CPU.ActiveCfg = Release|Any CPU
		{ED5A3CF0-B389-4D47-A58D-E08544B0ED7C}.Release|Any CPU.Build.0 = Release|Any CPU
		{D23F119B-3882-4625-A305-C398B53FC355}.Debug|Any CPU.ActiveCfg = Debug|Any CPU
		{D23F119B-3882-4625-A305-C398B53FC355}.Debug|Any CPU.Build.0 = Debug|Any CPU
		{D23F119B-3882-4625-A305-C398B53FC355}.Release|Any CPU.ActiveCfg = Release|Any CPU
		{D23F119B-3882-4625-A305-C398B53FC355}.Release|Any CPU.Build.0 = Release|Any CPU
		{694E7238-5080-440B-BCEF-12C9872C5C6F}.Debug|Any CPU.ActiveCfg = Debug|Any CPU
		{694E7238-5080-440B-BCEF-12C9872C5C6F}.Debug|Any CPU.Build.0 = Debug|Any CPU
		{694E7238-5080-440B-BCEF-12C9872C5C6F}.Release|Any CPU.ActiveCfg = Release|Any CPU
		{694E7238-5080-440B-BCEF-12C9872C5C6F}.Release|Any CPU.Build.0 = Release|Any CPU
	EndGlobalSection
	GlobalSection(SolutionProperties) = preSolution
		HideSolutionNode = FALSE
	EndGlobalSection
	GlobalSection(NestedProjects) = preSolution
		{B2CFA5C1-6DC4-41E1-A0FB-5642C2F922BB} = {0D75C564-99A4-44C1-AF73-B6D66872663F}
		{ED5A3CF0-B389-4D47-A58D-E08544B0ED7C} = {E7918B9B-4888-407D-9E60-43241348C357}
		{D23F119B-3882-4625-A305-C398B53FC355} = {5E33C3C6-AF14-49DD-ABEE-D3F0002C3982}
		{694E7238-5080-440B-BCEF-12C9872C5C6F} = {5E33C3C6-AF14-49DD-ABEE-D3F0002C3982}
	EndGlobalSection
	GlobalSection(ExtensibilityGlobals) = postSolution
		SolutionGuid = {612F32B0-7808-45E0-BA4C-706728BBEDAA}
	EndGlobalSection
EndGlobal
